// !$*UTF8*$!
{
	archiveVersion = 1;
	classes = {
	};
	objectVersion = 46;
	objects = {

/* Begin PBXBuildFile section */
		B130B88019990D7A007B1E4B /* Problem1.swift in Sources */ = {isa = PBXBuildFile; fileRef = B130B87F19990D7A007B1E4B /* Problem1.swift */; };
		B130B88219992133007B1E4B /* Problem2.swift in Sources */ = {isa = PBXBuildFile; fileRef = B130B88119992133007B1E4B /* Problem2.swift */; };
		B130B8841999274E007B1E4B /* Problem3.swift in Sources */ = {isa = PBXBuildFile; fileRef = B130B8831999274E007B1E4B /* Problem3.swift */; };
		B130B886199927BA007B1E4B /* Problem4.swift in Sources */ = {isa = PBXBuildFile; fileRef = B130B885199927BA007B1E4B /* Problem4.swift */; };
		B130B888199927E8007B1E4B /* Problem5.swift in Sources */ = {isa = PBXBuildFile; fileRef = B130B887199927E8007B1E4B /* Problem5.swift */; };
		B130B88A19992801007B1E4B /* Problem6.swift in Sources */ = {isa = PBXBuildFile; fileRef = B130B88919992801007B1E4B /* Problem6.swift */; };
		B130B88C1999283C007B1E4B /* Problem7.swift in Sources */ = {isa = PBXBuildFile; fileRef = B130B88B1999283C007B1E4B /* Problem7.swift */; };
		B130B88E1999285F007B1E4B /* Problem8.swift in Sources */ = {isa = PBXBuildFile; fileRef = B130B88D1999285F007B1E4B /* Problem8.swift */; };
		B130B8901999287E007B1E4B /* Problem9.swift in Sources */ = {isa = PBXBuildFile; fileRef = B130B88F1999287E007B1E4B /* Problem9.swift */; };
		B130B892199928BD007B1E4B /* Problem10.swift in Sources */ = {isa = PBXBuildFile; fileRef = B130B891199928BD007B1E4B /* Problem10.swift */; };
		B1654416196E8C54004836B2 /* Math_Methods_Tests.swift in Sources */ = {isa = PBXBuildFile; fileRef = B1654415196E8C54004836B2 /* Math_Methods_Tests.swift */; };
		B1763A1D1965CC4200D85DDC /* MathFunctions.swift in Sources */ = {isa = PBXBuildFile; fileRef = B1763A1C1965CC4200D85DDC /* MathFunctions.swift */; };
		B18C4E4619718BCA00D40F7A /* main.swift in Sources */ = {isa = PBXBuildFile; fileRef = B18C4E4519718BCA00D40F7A /* main.swift */; };
		B1B25B3C199612FB004148F6 /* Problem11.swift in Sources */ = {isa = PBXBuildFile; fileRef = B1B25B3B199612FB004148F6 /* Problem11.swift */; };
		B1B5E4BA1965FF0E0099D851 /* MathFunctions.swift in Sources */ = {isa = PBXBuildFile; fileRef = B1763A1C1965CC4200D85DDC /* MathFunctions.swift */; };
		B1D4F29F199BD2B000DE4033 /* PrimeFunctions.swift in Sources */ = {isa = PBXBuildFile; fileRef = B1D4F29E199BD2B000DE4033 /* PrimeFunctions.swift */; };
		B1D4F2A0199BD67A00DE4033 /* PrimeFunctions.swift in Sources */ = {isa = PBXBuildFile; fileRef = B1D4F29E199BD2B000DE4033 /* PrimeFunctions.swift */; };
		B1D4F2A2199C1CCF00DE4033 /* Fibonacci.swift in Sources */ = {isa = PBXBuildFile; fileRef = B1D4F2A1199C1CCF00DE4033 /* Fibonacci.swift */; };
		B1D4F2A3199C9D8900DE4033 /* Fibonacci.swift in Sources */ = {isa = PBXBuildFile; fileRef = B1D4F2A1199C1CCF00DE4033 /* Fibonacci.swift */; };
		B1D4F2A5199C9DEF00DE4033 /* Array2D.swift in Sources */ = {isa = PBXBuildFile; fileRef = B1D4F2A4199C9DEF00DE4033 /* Array2D.swift */; };
		B1D4F2A6199C9E2E00DE4033 /* Array2D.swift in Sources */ = {isa = PBXBuildFile; fileRef = B1D4F2A4199C9DEF00DE4033 /* Array2D.swift */; };
/* End PBXBuildFile section */

/* Begin PBXCopyFilesBuildPhase section */
		B1763A001965CA9B00D85DDC /* CopyFiles */ = {
			isa = PBXCopyFilesBuildPhase;
			buildActionMask = 2147483647;
			dstPath = /usr/share/man/man1/;
			dstSubfolderSpec = 0;
			files = (
			);
			runOnlyForDeploymentPostprocessing = 1;
		};
/* End PBXCopyFilesBuildPhase section */

/* Begin PBXFileReference section */
		B130B87F19990D7A007B1E4B /* Problem1.swift */ = {isa = PBXFileReference; fileEncoding = 4; lastKnownFileType = sourcecode.swift; path = Problem1.swift; sourceTree = "<group>"; };
		B130B88119992133007B1E4B /* Problem2.swift */ = {isa = PBXFileReference; fileEncoding = 4; lastKnownFileType = sourcecode.swift; path = Problem2.swift; sourceTree = "<group>"; };
		B130B8831999274E007B1E4B /* Problem3.swift */ = {isa = PBXFileReference; fileEncoding = 4; lastKnownFileType = sourcecode.swift; path = Problem3.swift; sourceTree = "<group>"; };
		B130B885199927BA007B1E4B /* Problem4.swift */ = {isa = PBXFileReference; fileEncoding = 4; lastKnownFileType = sourcecode.swift; path = Problem4.swift; sourceTree = "<group>"; };
		B130B887199927E8007B1E4B /* Problem5.swift */ = {isa = PBXFileReference; fileEncoding = 4; lastKnownFileType = sourcecode.swift; path = Problem5.swift; sourceTree = "<group>"; };
		B130B88919992801007B1E4B /* Problem6.swift */ = {isa = PBXFileReference; fileEncoding = 4; lastKnownFileType = sourcecode.swift; path = Problem6.swift; sourceTree = "<group>"; };
		B130B88B1999283C007B1E4B /* Problem7.swift */ = {isa = PBXFileReference; fileEncoding = 4; lastKnownFileType = sourcecode.swift; path = Problem7.swift; sourceTree = "<group>"; };
		B130B88D1999285F007B1E4B /* Problem8.swift */ = {isa = PBXFileReference; fileEncoding = 4; lastKnownFileType = sourcecode.swift; path = Problem8.swift; sourceTree = "<group>"; };
		B130B88F1999287E007B1E4B /* Problem9.swift */ = {isa = PBXFileReference; fileEncoding = 4; lastKnownFileType = sourcecode.swift; path = Problem9.swift; sourceTree = "<group>"; };
		B130B891199928BD007B1E4B /* Problem10.swift */ = {isa = PBXFileReference; fileEncoding = 4; lastKnownFileType = sourcecode.swift; path = Problem10.swift; sourceTree = "<group>"; };
		B1654415196E8C54004836B2 /* Math_Methods_Tests.swift */ = {isa = PBXFileReference; fileEncoding = 4; lastKnownFileType = sourcecode.swift; path = Math_Methods_Tests.swift; sourceTree = "<group>"; };
		B1763A021965CA9B00D85DDC /* Project euler */ = {isa = PBXFileReference; explicitFileType = "compiled.mach-o.executable"; includeInIndex = 0; path = "Project euler"; sourceTree = BUILT_PRODUCTS_DIR; };
		B1763A121965CC0200D85DDC /* Project Euler Test.xctest */ = {isa = PBXFileReference; explicitFileType = wrapper.cfbundle; includeInIndex = 0; path = "Project Euler Test.xctest"; sourceTree = BUILT_PRODUCTS_DIR; };
		B1763A151965CC0200D85DDC /* Info.plist */ = {isa = PBXFileReference; lastKnownFileType = text.plist.xml; path = Info.plist; sourceTree = "<group>"; };
		B1763A1C1965CC4200D85DDC /* MathFunctions.swift */ = {isa = PBXFileReference; fileEncoding = 4; lastKnownFileType = sourcecode.swift; path = MathFunctions.swift; sourceTree = "<group>"; };
		B18C4E4519718BCA00D40F7A /* main.swift */ = {isa = PBXFileReference; fileEncoding = 4; lastKnownFileType = sourcecode.swift; path = main.swift; sourceTree = "<group>"; };
		B1B25B3B199612FB004148F6 /* Problem11.swift */ = {isa = PBXFileReference; fileEncoding = 4; lastKnownFileType = sourcecode.swift; path = Problem11.swift; sourceTree = "<group>"; };
		B1D4F29E199BD2B000DE4033 /* PrimeFunctions.swift */ = {isa = PBXFileReference; fileEncoding = 4; lastKnownFileType = sourcecode.swift; path = PrimeFunctions.swift; sourceTree = "<group>"; };
		B1D4F2A1199C1CCF00DE4033 /* Fibonacci.swift */ = {isa = PBXFileReference; fileEncoding = 4; lastKnownFileType = sourcecode.swift; path = Fibonacci.swift; sourceTree = "<group>"; };
		B1D4F2A4199C9DEF00DE4033 /* Array2D.swift */ = {isa = PBXFileReference; fileEncoding = 4; lastKnownFileType = sourcecode.swift; path = Array2D.swift; sourceTree = "<group>"; };
/* End PBXFileReference section */

/* Begin PBXFrameworksBuildPhase section */
		B17639FF1965CA9B00D85DDC /* Frameworks */ = {
			isa = PBXFrameworksBuildPhase;
			buildActionMask = 2147483647;
			files = (
			);
			runOnlyForDeploymentPostprocessing = 0;
		};
		B1763A0F1965CC0200D85DDC /* Frameworks */ = {
			isa = PBXFrameworksBuildPhase;
			buildActionMask = 2147483647;
			files = (
			);
			runOnlyForDeploymentPostprocessing = 0;
		};
/* End PBXFrameworksBuildPhase section */

/* Begin PBXGroup section */
		B17639F91965CA9B00D85DDC = {
			isa = PBXGroup;
			children = (
				B1763A041965CA9B00D85DDC /* Project euler */,
				B1763A131965CC0200D85DDC /* Project Euler Test */,
				B1763A031965CA9B00D85DDC /* Products */,
			);
			sourceTree = "<group>";
		};
		B1763A031965CA9B00D85DDC /* Products */ = {
			isa = PBXGroup;
			children = (
				B1763A021965CA9B00D85DDC /* Project euler */,
				B1763A121965CC0200D85DDC /* Project Euler Test.xctest */,
			);
			name = Products;
			sourceTree = "<group>";
		};
		B1763A041965CA9B00D85DDC /* Project euler */ = {
			isa = PBXGroup;
			children = (
				B18C4E4519718BCA00D40F7A /* main.swift */,
				B1763A1C1965CC4200D85DDC /* MathFunctions.swift */,
				B1D4F2A4199C9DEF00DE4033 /* Array2D.swift */,
				B1D4F2A1199C1CCF00DE4033 /* Fibonacci.swift */,
				B1D4F29E199BD2B000DE4033 /* PrimeFunctions.swift */,
			);
			path = "Project euler";
			sourceTree = "<group>";
		};
		B1763A131965CC0200D85DDC /* Project Euler Test */ = {
			isa = PBXGroup;
			children = (
				B130B87F19990D7A007B1E4B /* Problem1.swift */,
				B130B88119992133007B1E4B /* Problem2.swift */,
				B130B8831999274E007B1E4B /* Problem3.swift */,
				B130B885199927BA007B1E4B /* Problem4.swift */,
				B130B887199927E8007B1E4B /* Problem5.swift */,
				B130B88919992801007B1E4B /* Problem6.swift */,
				B130B88B1999283C007B1E4B /* Problem7.swift */,
				B130B88D1999285F007B1E4B /* Problem8.swift */,
				B130B88F1999287E007B1E4B /* Problem9.swift */,
				B130B891199928BD007B1E4B /* Problem10.swift */,
				B1B25B3B199612FB004148F6 /* Problem11.swift */,
				B1654415196E8C54004836B2 /* Math_Methods_Tests.swift */,
				B1763A141965CC0200D85DDC /* Supporting Files */,
			);
			path = "Project Euler Test";
			sourceTree = "<group>";
		};
		B1763A141965CC0200D85DDC /* Supporting Files */ = {
			isa = PBXGroup;
			children = (
				B1763A151965CC0200D85DDC /* Info.plist */,
			);
			name = "Supporting Files";
			sourceTree = "<group>";
		};
/* End PBXGroup section */

/* Begin PBXNativeTarget section */
		B1763A011965CA9B00D85DDC /* Project euler */ = {
			isa = PBXNativeTarget;
			buildConfigurationList = B1763A091965CA9B00D85DDC /* Build configuration list for PBXNativeTarget "Project euler" */;
			buildPhases = (
				B17639FE1965CA9B00D85DDC /* Sources */,
				B17639FF1965CA9B00D85DDC /* Frameworks */,
				B1763A001965CA9B00D85DDC /* CopyFiles */,
			);
			buildRules = (
			);
			dependencies = (
			);
			name = "Project euler";
			productName = "Project euler";
			productReference = B1763A021965CA9B00D85DDC /* Project euler */;
			productType = "com.apple.product-type.tool";
		};
		B1763A111965CC0200D85DDC /* Project Euler Test */ = {
			isa = PBXNativeTarget;
			buildConfigurationList = B1763A181965CC0200D85DDC /* Build configuration list for PBXNativeTarget "Project Euler Test" */;
			buildPhases = (
				B1763A0E1965CC0200D85DDC /* Sources */,
				B1763A0F1965CC0200D85DDC /* Frameworks */,
				B1763A101965CC0200D85DDC /* Resources */,
			);
			buildRules = (
			);
			dependencies = (
			);
			name = "Project Euler Test";
			productName = "Project Euler Test";
			productReference = B1763A121965CC0200D85DDC /* Project Euler Test.xctest */;
			productType = "com.apple.product-type.bundle.unit-test";
		};
/* End PBXNativeTarget section */

/* Begin PBXProject section */
		B17639FA1965CA9B00D85DDC /* Project object */ = {
			isa = PBXProject;
			attributes = {
				LastUpgradeCheck = 0600;
				ORGANIZATIONNAME = Cenny;
				TargetAttributes = {
					B1763A011965CA9B00D85DDC = {
						CreatedOnToolsVersion = 6.0;
					};
					B1763A111965CC0200D85DDC = {
						CreatedOnToolsVersion = 6.0;
					};
				};
			};
			buildConfigurationList = B17639FD1965CA9B00D85DDC /* Build configuration list for PBXProject "Project euler" */;
			compatibilityVersion = "Xcode 3.2";
			developmentRegion = English;
			hasScannedForEncodings = 0;
			knownRegions = (
				en,
			);
			mainGroup = B17639F91965CA9B00D85DDC;
			productRefGroup = B1763A031965CA9B00D85DDC /* Products */;
			projectDirPath = "";
			projectRoot = "";
			targets = (
				B1763A011965CA9B00D85DDC /* Project euler */,
				B1763A111965CC0200D85DDC /* Project Euler Test */,
			);
		};
/* End PBXProject section */

/* Begin PBXResourcesBuildPhase section */
		B1763A101965CC0200D85DDC /* Resources */ = {
			isa = PBXResourcesBuildPhase;
			buildActionMask = 2147483647;
			files = (
			);
			runOnlyForDeploymentPostprocessing = 0;
		};
/* End PBXResourcesBuildPhase section */

/* Begin PBXSourcesBuildPhase section */
		B17639FE1965CA9B00D85DDC /* Sources */ = {
			isa = PBXSourcesBuildPhase;
			buildActionMask = 2147483647;
			files = (
				B1D4F2A2199C1CCF00DE4033 /* Fibonacci.swift in Sources */,
				B1D4F2A5199C9DEF00DE4033 /* Array2D.swift in Sources */,
				B18C4E4619718BCA00D40F7A /* main.swift in Sources */,
				B1763A1D1965CC4200D85DDC /* MathFunctions.swift in Sources */,
				B1D4F29F199BD2B000DE4033 /* PrimeFunctions.swift in Sources */,
			);
			runOnlyForDeploymentPostprocessing = 0;
		};
		B1763A0E1965CC0200D85DDC /* Sources */ = {
			isa = PBXSourcesBuildPhase;
			buildActionMask = 2147483647;
			files = (
				B130B888199927E8007B1E4B /* Problem5.swift in Sources */,
				B130B88219992133007B1E4B /* Problem2.swift in Sources */,
				B130B892199928BD007B1E4B /* Problem10.swift in Sources */,
				B1B5E4BA1965FF0E0099D851 /* MathFunctions.swift in Sources */,
				B130B8901999287E007B1E4B /* Problem9.swift in Sources */,
				B1D4F2A3199C9D8900DE4033 /* Fibonacci.swift in Sources */,
				B130B88019990D7A007B1E4B /* Problem1.swift in Sources */,
				B130B8841999274E007B1E4B /* Problem3.swift in Sources */,
				B1654416196E8C54004836B2 /* Math_Methods_Tests.swift in Sources */,
				B130B88E1999285F007B1E4B /* Problem8.swift in Sources */,
				B130B88A19992801007B1E4B /* Problem6.swift in Sources */,
				B130B88C1999283C007B1E4B /* Problem7.swift in Sources */,
				B130B886199927BA007B1E4B /* Problem4.swift in Sources */,
				B1D4F2A6199C9E2E00DE4033 /* Array2D.swift in Sources */,
				B1B25B3C199612FB004148F6 /* Problem11.swift in Sources */,
				B1D4F2A0199BD67A00DE4033 /* PrimeFunctions.swift in Sources */,
			);
			runOnlyForDeploymentPostprocessing = 0;
		};
/* End PBXSourcesBuildPhase section */

/* Begin XCBuildConfiguration section */
		B1763A071965CA9B00D85DDC /* Debug */ = {
			isa = XCBuildConfiguration;
			buildSettings = {
				ALWAYS_SEARCH_USER_PATHS = NO;
				CLANG_CXX_LANGUAGE_STANDARD = "gnu++0x";
				CLANG_CXX_LIBRARY = "libc++";
				CLANG_ENABLE_MODULES = YES;
				CLANG_ENABLE_OBJC_ARC = YES;
				CLANG_WARN_BOOL_CONVERSION = YES;
				CLANG_WARN_CONSTANT_CONVERSION = YES;
				CLANG_WARN_DIRECT_OBJC_ISA_USAGE = YES_ERROR;
				CLANG_WARN_EMPTY_BODY = YES;
				CLANG_WARN_ENUM_CONVERSION = YES;
				CLANG_WARN_INT_CONVERSION = YES;
				CLANG_WARN_OBJC_ROOT_CLASS = YES_ERROR;
				CLANG_WARN_UNREACHABLE_CODE = YES;
				CLANG_WARN__DUPLICATE_METHOD_MATCH = YES;
				COPY_PHASE_STRIP = NO;
				ENABLE_STRICT_OBJC_MSGSEND = YES;
				GCC_C_LANGUAGE_STANDARD = gnu99;
				GCC_DYNAMIC_NO_PIC = NO;
				GCC_OPTIMIZATION_LEVEL = 0;
				GCC_PREPROCESSOR_DEFINITIONS = (
					"DEBUG=1",
					"$(inherited)",
				);
				GCC_SYMBOLS_PRIVATE_EXTERN = NO;
				GCC_WARN_64_TO_32_BIT_CONVERSION = YES;
				GCC_WARN_ABOUT_RETURN_TYPE = YES_ERROR;
				GCC_WARN_UNDECLARED_SELECTOR = YES;
				GCC_WARN_UNINITIALIZED_AUTOS = YES_AGGRESSIVE;
				GCC_WARN_UNUSED_FUNCTION = YES;
				GCC_WARN_UNUSED_VARIABLE = YES;
				MACOSX_DEPLOYMENT_TARGET = 10.9;
				METAL_ENABLE_DEBUG_INFO = YES;
				ONLY_ACTIVE_ARCH = YES;
				SDKROOT = macosx;
				SWIFT_OPTIMIZATION_LEVEL = "-Onone";
			};
			name = Debug;
		};
		B1763A081965CA9B00D85DDC /* Release */ = {
			isa = XCBuildConfiguration;
			buildSettings = {
				ALWAYS_SEARCH_USER_PATHS = NO;
				CLANG_CXX_LANGUAGE_STANDARD = "gnu++0x";
				CLANG_CXX_LIBRARY = "libc++";
				CLANG_ENABLE_MODULES = YES;
				CLANG_ENABLE_OBJC_ARC = YES;
				CLANG_WARN_BOOL_CONVERSION = YES;
				CLANG_WARN_CONSTANT_CONVERSION = YES;
				CLANG_WARN_DIRECT_OBJC_ISA_USAGE = YES_ERROR;
				CLANG_WARN_EMPTY_BODY = YES;
				CLANG_WARN_ENUM_CONVERSION = YES;
				CLANG_WARN_INT_CONVERSION = YES;
				CLANG_WARN_OBJC_ROOT_CLASS = YES_ERROR;
				CLANG_WARN_UNREACHABLE_CODE = YES;
				CLANG_WARN__DUPLICATE_METHOD_MATCH = YES;
				COPY_PHASE_STRIP = YES;
				DEBUG_INFORMATION_FORMAT = "dwarf-with-dsym";
				ENABLE_NS_ASSERTIONS = NO;
				ENABLE_STRICT_OBJC_MSGSEND = YES;
				GCC_C_LANGUAGE_STANDARD = gnu99;
				GCC_WARN_64_TO_32_BIT_CONVERSION = YES;
				GCC_WARN_ABOUT_RETURN_TYPE = YES_ERROR;
				GCC_WARN_UNDECLARED_SELECTOR = YES;
				GCC_WARN_UNINITIALIZED_AUTOS = YES_AGGRESSIVE;
				GCC_WARN_UNUSED_FUNCTION = YES;
				GCC_WARN_UNUSED_VARIABLE = YES;
				MACOSX_DEPLOYMENT_TARGET = 10.9;
				METAL_ENABLE_DEBUG_INFO = NO;
				SDKROOT = macosx;
			};
			name = Release;
		};
		B1763A0A1965CA9B00D85DDC /* Debug */ = {
			isa = XCBuildConfiguration;
			buildSettings = {
				PRODUCT_NAME = "$(TARGET_NAME)";
			};
			name = Debug;
		};
		B1763A0B1965CA9B00D85DDC /* Release */ = {
			isa = XCBuildConfiguration;
			buildSettings = {
				PRODUCT_NAME = "$(TARGET_NAME)";
			};
			name = Release;
		};
		B1763A191965CC0200D85DDC /* Debug */ = {
			isa = XCBuildConfiguration;
			buildSettings = {
				FRAMEWORK_SEARCH_PATHS = (
					"$(DEVELOPER_FRAMEWORKS_DIR)",
					"$(inherited)",
				);
				GCC_PREPROCESSOR_DEFINITIONS = (
					"DEBUG=1",
					"$(inherited)",
				);
				INFOPLIST_FILE = "Project Euler Test/Info.plist";
				LD_RUNPATH_SEARCH_PATHS = "$(inherited) @executable_path/../Frameworks @loader_path/../Frameworks";
				METAL_ENABLE_DEBUG_INFO = YES;
				PRODUCT_NAME = "$(TARGET_NAME)";
			};
			name = Debug;
		};
		B1763A1A1965CC0200D85DDC /* Release */ = {
			isa = XCBuildConfiguration;
			buildSettings = {
				FRAMEWORK_SEARCH_PATHS = (
					"$(DEVELOPER_FRAMEWORKS_DIR)",
					"$(inherited)",
				);
				INFOPLIST_FILE = "Project Euler Test/Info.plist";
				LD_RUNPATH_SEARCH_PATHS = "$(inherited) @executable_path/../Frameworks @loader_path/../Frameworks";
				METAL_ENABLE_DEBUG_INFO = NO;
				PRODUCT_NAME = "$(TARGET_NAME)";
			};
			name = Release;
		};
/* End XCBuildConfiguration section */

/* Begin XCConfigurationList section */
		B17639FD1965CA9B00D85DDC /* Build configuration list for PBXProject "Project euler" */ = {
			isa = XCConfigurationList;
			buildConfigurations = (
				B1763A071965CA9B00D85DDC /* Debug */,
				B1763A081965CA9B00D85DDC /* Release */,
			);
			defaultConfigurationIsVisible = 0;
			defaultConfigurationName = Release;
		};
		B1763A091965CA9B00D85DDC /* Build configuration list for PBXNativeTarget "Project euler" */ = {
			isa = XCConfigurationList;
			buildConfigurations = (
				B1763A0A1965CA9B00D85DDC /* Debug */,
				B1763A0B1965CA9B00D85DDC /* Release */,
			);
			defaultConfigurationIsVisible = 0;
			defaultConfigurationName = Release;
		};
		B1763A181965CC0200D85DDC /* Build configuration list for PBXNativeTarget "Project Euler Test" */ = {
			isa = XCConfigurationList;
			buildConfigurations = (
				B1763A191965CC0200D85DDC /* Debug */,
				B1763A1A1965CC0200D85DDC /* Release */,
			);
			defaultConfigurationIsVisible = 0;
			defaultConfigurationName = Release;
		};
/* End XCConfigurationList section */
	};
	rootObject = B17639FA1965CA9B00D85DDC /* Project object */;
}
